
Microsoft Visual Studio Solution File, Format Version 12.00
# Visual Studio Version 16
VisualStudioVersion = 16.0.29911.84
MinimumVisualStudioVersion = 10.0.40219.1
Project("{FAE04EC0-301F-11D3-BF4B-00C04F79EFBC}") = "TugasAkhir", "TugasAkhir\TugasAkhir.csproj", "{339A583F-DB4F-4048-A8A1-820DC218E852}"
EndProject
Global
	GlobalSection(SolutionConfigurationPlatforms) = preSolution
		Debug|Any CPU = Debug|Any CPU
		Release|Any CPU = Release|Any CPU
	EndGlobalSection
	GlobalSection(ProjectConfigurationPlatforms) = postSolution
		{339A583F-DB4F-4048-A8A1-820DC218E852}.Debug|Any CPU.ActiveCfg = Debug|Any CPU
		{339A583F-DB4F-4048-A8A1-820DC218E852}.Debug|Any CPU.Build.0 = Debug|Any CPU
		{339A583F-DB4F-4048-A8A1-820DC218E852}.Release|Any CPU.ActiveCfg = Release|Any CPU
		{339A583F-DB4F-4048-A8A1-820DC218E852}.Release|Any CPU.Build.0 = Release|Any CPU
	EndGlobalSection
	GlobalSection(SolutionProperties) = preSolution
		HideSolutionNode = FALSE
	EndGlobalSection
	GlobalSection(ExtensibilityGlobals) = postSolution
		SolutionGuid = {C7C09D41-C745-4CE6-854B-6F34F7BB4F40}
	EndGlobalSection
EndGlobal
